
Microsoft Visual Studio Solution File, Format Version 12.00
# Visual Studio Version 16
VisualStudioVersion = 16.0.29521.150
MinimumVisualStudioVersion = 10.0.40219.1
Project("{FAE04EC0-301F-11D3-BF4B-00C04F79EFBC}") = "FileSplit", "FileSplit.csproj", "{94E95964-7F1B-47EB-9F3D-009C5930F54A}"
EndProject
Global
	GlobalSection(SolutionConfigurationPlatforms) = preSolution
		Debug|Any CPU = Debug|Any CPU
		Release|Any CPU = Release|Any CPU
	EndGlobalSection
	GlobalSection(ProjectConfigurationPlatforms) = postSolution
		{94E95964-7F1B-47EB-9F3D-009C5930F54A}.Debug|Any CPU.ActiveCfg = Debug|Any CPU
		{94E95964-7F1B-47EB-9F3D-009C5930F54A}.Debug|Any CPU.Build.0 = Debug|Any CPU
		{94E95964-7F1B-47EB-9F3D-009C5930F54A}.Release|Any CPU.ActiveCfg = Release|Any CPU
		{94E95964-7F1B-47EB-9F3D-009C5930F54A}.Release|Any CPU.Build.0 = Release|Any CPU
	EndGlobalSection
	GlobalSection(SolutionProperties) = preSolution
		HideSolutionNode = FALSE
	EndGlobalSection
	GlobalSection(ExtensibilityGlobals) = postSolution
		SolutionGuid = {E00D7BE1-449F-4F0E-87B1-7E796A71C3AC}
	EndGlobalSection
EndGlobal
